
Microsoft Visual Studio Solution File, Format Version 12.00
# Visual Studio Version 17
VisualStudioVersion = 17.0.31903.59
MinimumVisualStudioVersion = 10.0.40219.1
Project("{FAE04EC0-301F-11D3-BF4B-00C04F79EFBC}") = "MusicLibrary", "MusicLibrary\MusicLibrary.csproj", "{4CCDDF23-3F4C-483F-B00B-75AB071F8FDE}"
EndProject
Project("{FAE04EC0-301F-11D3-BF4B-00C04F79EFBC}") = "MusicLibraryTests", "MusicLibraryTests\MusicLibraryTests.csproj", "{B548C9EC-2E5C-4148-8878-E77BF8079B9B}"
EndProject
Project("{FAE04EC0-301F-11D3-BF4B-00C04F79EFBC}") = "MusicLibraryApplication", "MusicLibraryApplication\MusicLibraryApplication.csproj", "{C0848A43-6EE9-49D2-9907-7F1FC23172E2}"
EndProject
Global
	GlobalSection(SolutionConfigurationPlatforms) = preSolution
		Debug|Any CPU = Debug|Any CPU
		Release|Any CPU = Release|Any CPU
	EndGlobalSection
	GlobalSection(SolutionProperties) = preSolution
		HideSolutionNode = FALSE
	EndGlobalSection
	GlobalSection(ProjectConfigurationPlatforms) = postSolution
		{4CCDDF23-3F4C-483F-B00B-75AB071F8FDE}.Debug|Any CPU.ActiveCfg = Debug|Any CPU
		{4CCDDF23-3F4C-483F-B00B-75AB071F8FDE}.Debug|Any CPU.Build.0 = Debug|Any CPU
		{4CCDDF23-3F4C-483F-B00B-75AB071F8FDE}.Release|Any CPU.ActiveCfg = Release|Any CPU
		{4CCDDF23-3F4C-483F-B00B-75AB071F8FDE}.Release|Any CPU.Build.0 = Release|Any CPU
		{B548C9EC-2E5C-4148-8878-E77BF8079B9B}.Debug|Any CPU.ActiveCfg = Debug|Any CPU
		{B548C9EC-2E5C-4148-8878-E77BF8079B9B}.Debug|Any CPU.Build.0 = Debug|Any CPU
		{B548C9EC-2E5C-4148-8878-E77BF8079B9B}.Release|Any CPU.ActiveCfg = Release|Any CPU
		{B548C9EC-2E5C-4148-8878-E77BF8079B9B}.Release|Any CPU.Build.0 = Release|Any CPU
		{C0848A43-6EE9-49D2-9907-7F1FC23172E2}.Debug|Any CPU.ActiveCfg = Debug|Any CPU
		{C0848A43-6EE9-49D2-9907-7F1FC23172E2}.Debug|Any CPU.Build.0 = Debug|Any CPU
		{C0848A43-6EE9-49D2-9907-7F1FC23172E2}.Release|Any CPU.ActiveCfg = Release|Any CPU
		{C0848A43-6EE9-49D2-9907-7F1FC23172E2}.Release|Any CPU.Build.0 = Release|Any CPU
	EndGlobalSection
EndGlobal
